// !$*UTF8*$!
{
	archiveVersion = 1;
	classes = {
	};
	objectVersion = 46;
	objects = {

/* Begin PBXBuildFile section */
		A4136F6716B6477200DEC918 /* Foundation.framework in Frameworks */ = {isa = PBXBuildFile; fileRef = A4136F6616B6477200DEC918 /* Foundation.framework */; };
		A4136F7616B647A500DEC918 /* BasicObject.cc in Sources */ = {isa = PBXBuildFile; fileRef = A4136F7316B647A500DEC918 /* BasicObject.cc */; };
		A4136F7716B647A500DEC918 /* BasicObject.cc in Sources */ = {isa = PBXBuildFile; fileRef = A4136F7316B647A500DEC918 /* BasicObject.cc */; };
		A4136F7816B647A500DEC918 /* BasicUri.cc in Sources */ = {isa = PBXBuildFile; fileRef = A4136F7416B647A500DEC918 /* BasicUri.cc */; };
		A4136F7916B647A500DEC918 /* BasicUri.cc in Sources */ = {isa = PBXBuildFile; fileRef = A4136F7416B647A500DEC918 /* BasicUri.cc */; };
		A4136F7A16B647A500DEC918 /* TaskRunner.cc in Sources */ = {isa = PBXBuildFile; fileRef = A4136F7516B647A500DEC918 /* TaskRunner.cc */; };
		A4136F7B16B647A500DEC918 /* TaskRunner.cc in Sources */ = {isa = PBXBuildFile; fileRef = A4136F7516B647A500DEC918 /* TaskRunner.cc */; };
		A4136F7C16B647B200DEC918 /* URLRequest_mac.mm in Sources */ = {isa = PBXBuildFile; fileRef = A495797016B1DA090032356B /* URLRequest_mac.mm */; };
		A4136F8B16B64A3200DEC918 /* jsoncpp.cpp in Sources */ = {isa = PBXBuildFile; fileRef = A495796C16B1D6770032356B /* jsoncpp.cpp */; };
		A4136F8D16B64A3E00DEC918 /* sqlite3.c in Sources */ = {isa = PBXBuildFile; fileRef = A45EBD1F16B1D06600D2ADC9 /* sqlite3.c */; };
		A45EBD2316B1D06600D2ADC9 /* sqlite3.c in Sources */ = {isa = PBXBuildFile; fileRef = A45EBD1F16B1D06600D2ADC9 /* sqlite3.c */; };
		A45EBD2416B1D06600D2ADC9 /* sqlite3.h in Headers */ = {isa = PBXBuildFile; fileRef = A45EBD2016B1D06600D2ADC9 /* sqlite3.h */; };
		A45EBD2516B1D06600D2ADC9 /* sqlite3ext.h in Headers */ = {isa = PBXBuildFile; fileRef = A45EBD2116B1D06600D2ADC9 /* sqlite3ext.h */; };
		A45EBD2716B1D07700D2ADC9 /* RestToolbox-Prefix.pch in Headers */ = {isa = PBXBuildFile; fileRef = A45EBD2616B1D07700D2ADC9 /* RestToolbox-Prefix.pch */; };
		A495795C16B1D3100032356B /* BasicObject.h in Headers */ = {isa = PBXBuildFile; fileRef = A495795A16B1D3100032356B /* BasicObject.h */; settings = {ATTRIBUTES = (Public, ); }; };
		A495796D16B1D6770032356B /* json-forwards.h in Headers */ = {isa = PBXBuildFile; fileRef = A495796A16B1D6770032356B /* json-forwards.h */; };
		A495796E16B1D6770032356B /* json.h in Headers */ = {isa = PBXBuildFile; fileRef = A495796B16B1D6770032356B /* json.h */; };
		A495796F16B1D6770032356B /* jsoncpp.cpp in Sources */ = {isa = PBXBuildFile; fileRef = A495796C16B1D6770032356B /* jsoncpp.cpp */; };
		A495797216B1DA090032356B /* URLRequest_mac.mm in Sources */ = {isa = PBXBuildFile; fileRef = A495797016B1DA090032356B /* URLRequest_mac.mm */; };
		A495797316B1DA090032356B /* URLRequest.h in Headers */ = {isa = PBXBuildFile; fileRef = A495797116B1DA090032356B /* URLRequest.h */; settings = {ATTRIBUTES = (Public, ); }; };
		A495797716B1E05B0032356B /* TaskRunner.h in Headers */ = {isa = PBXBuildFile; fileRef = A495797516B1E05B0032356B /* TaskRunner.h */; settings = {ATTRIBUTES = (Public, ); }; };
		A495798516B1F3020032356B /* BasicUri.h in Headers */ = {isa = PBXBuildFile; fileRef = A495798316B1F3020032356B /* BasicUri.h */; settings = {ATTRIBUTES = (Public, ); }; };
/* End PBXBuildFile section */

/* Begin PBXCopyFilesBuildPhase section */
		A4136F6216B6477200DEC918 /* CopyFiles */ = {
			isa = PBXCopyFilesBuildPhase;
			buildActionMask = 2147483647;
			dstPath = "include/${PRODUCT_NAME}";
			dstSubfolderSpec = 16;
			files = (
			);
			runOnlyForDeploymentPostprocessing = 0;
		};
/* End PBXCopyFilesBuildPhase section */

/* Begin PBXFileReference section */
		A4136F6416B6477200DEC918 /* libRestToolbox-iOS.a */ = {isa = PBXFileReference; explicitFileType = archive.ar; includeInIndex = 0; path = "libRestToolbox-iOS.a"; sourceTree = BUILT_PRODUCTS_DIR; };
		A4136F6616B6477200DEC918 /* Foundation.framework */ = {isa = PBXFileReference; lastKnownFileType = wrapper.framework; name = Foundation.framework; path = System/Library/Frameworks/Foundation.framework; sourceTree = SDKROOT; };
		A4136F7316B647A500DEC918 /* BasicObject.cc */ = {isa = PBXFileReference; fileEncoding = 4; lastKnownFileType = sourcecode.cpp.cpp; name = BasicObject.cc; path = Classes/BasicObject.cc; sourceTree = SOURCE_ROOT; };
		A4136F7416B647A500DEC918 /* BasicUri.cc */ = {isa = PBXFileReference; fileEncoding = 4; lastKnownFileType = sourcecode.cpp.cpp; name = BasicUri.cc; path = Classes/BasicUri.cc; sourceTree = SOURCE_ROOT; };
		A4136F7516B647A500DEC918 /* TaskRunner.cc */ = {isa = PBXFileReference; fileEncoding = 4; lastKnownFileType = sourcecode.cpp.cpp; name = TaskRunner.cc; path = Classes/TaskRunner.cc; sourceTree = SOURCE_ROOT; };
		A45EBD0E16B1CFF800D2ADC9 /* RestToolbox.dylib */ = {isa = PBXFileReference; explicitFileType = "compiled.mach-o.dylib"; includeInIndex = 0; path = RestToolbox.dylib; sourceTree = BUILT_PRODUCTS_DIR; };
		A45EBD1F16B1D06600D2ADC9 /* sqlite3.c */ = {isa = PBXFileReference; fileEncoding = 4; lastKnownFileType = sourcecode.c.c; path = sqlite3.c; sourceTree = "<group>"; };
		A45EBD2016B1D06600D2ADC9 /* sqlite3.h */ = {isa = PBXFileReference; fileEncoding = 4; lastKnownFileType = sourcecode.c.h; path = sqlite3.h; sourceTree = "<group>"; };
		A45EBD2116B1D06600D2ADC9 /* sqlite3ext.h */ = {isa = PBXFileReference; fileEncoding = 4; lastKnownFileType = sourcecode.c.h; path = sqlite3ext.h; sourceTree = "<group>"; };
		A45EBD2616B1D07700D2ADC9 /* RestToolbox-Prefix.pch */ = {isa = PBXFileReference; fileEncoding = 4; lastKnownFileType = sourcecode.c.h; path = "RestToolbox-Prefix.pch"; sourceTree = SOURCE_ROOT; };
		A45EBD2816B1D0CD00D2ADC9 /* Base_RestToolbox.xcconfig */ = {isa = PBXFileReference; lastKnownFileType = text.xcconfig; name = Base_RestToolbox.xcconfig; path = Configuration/Base_RestToolbox.xcconfig; sourceTree = SOURCE_ROOT; };
		A45EBD2916B1D17000D2ADC9 /* Debug_RestToolbox.xcconfig */ = {isa = PBXFileReference; lastKnownFileType = text.xcconfig; name = Debug_RestToolbox.xcconfig; path = Configuration/Debug_RestToolbox.xcconfig; sourceTree = SOURCE_ROOT; };
		A495795A16B1D3100032356B /* BasicObject.h */ = {isa = PBXFileReference; fileEncoding = 4; lastKnownFileType = sourcecode.c.h; name = BasicObject.h; path = Classes/BasicObject.h; sourceTree = SOURCE_ROOT; };
		A495796A16B1D6770032356B /* json-forwards.h */ = {isa = PBXFileReference; fileEncoding = 4; lastKnownFileType = sourcecode.c.h; path = "json-forwards.h"; sourceTree = "<group>"; };
		A495796B16B1D6770032356B /* json.h */ = {isa = PBXFileReference; fileEncoding = 4; lastKnownFileType = sourcecode.c.h; path = json.h; sourceTree = "<group>"; };
		A495796C16B1D6770032356B /* jsoncpp.cpp */ = {isa = PBXFileReference; fileEncoding = 4; lastKnownFileType = sourcecode.cpp.cpp; name = jsoncpp.cpp; path = Classes/jsoncpp/jsoncpp.cpp; sourceTree = SOURCE_ROOT; };
		A495797016B1DA090032356B /* URLRequest_mac.mm */ = {isa = PBXFileReference; fileEncoding = 4; lastKnownFileType = sourcecode.cpp.objcpp; name = URLRequest_mac.mm; path = Classes/URLRequest_mac.mm; sourceTree = SOURCE_ROOT; };
		A495797116B1DA090032356B /* URLRequest.h */ = {isa = PBXFileReference; fileEncoding = 4; lastKnownFileType = sourcecode.c.h; name = URLRequest.h; path = Classes/URLRequest.h; sourceTree = SOURCE_ROOT; };
		A495797516B1E05B0032356B /* TaskRunner.h */ = {isa = PBXFileReference; fileEncoding = 4; lastKnownFileType = sourcecode.c.h; name = TaskRunner.h; path = Classes/TaskRunner.h; sourceTree = SOURCE_ROOT; };
		A495798316B1F3020032356B /* BasicUri.h */ = {isa = PBXFileReference; fileEncoding = 4; lastKnownFileType = sourcecode.c.h; name = BasicUri.h; path = Classes/BasicUri.h; sourceTree = SOURCE_ROOT; };
/* End PBXFileReference section */

/* Begin PBXFrameworksBuildPhase section */
		A4136F6116B6477200DEC918 /* Frameworks */ = {
			isa = PBXFrameworksBuildPhase;
			buildActionMask = 2147483647;
			files = (
				A4136F6716B6477200DEC918 /* Foundation.framework in Frameworks */,
			);
			runOnlyForDeploymentPostprocessing = 0;
		};
		A45EBD0B16B1CFF800D2ADC9 /* Frameworks */ = {
			isa = PBXFrameworksBuildPhase;
			buildActionMask = 2147483647;
			files = (
			);
			runOnlyForDeploymentPostprocessing = 0;
		};
/* End PBXFrameworksBuildPhase section */

/* Begin PBXGroup section */
		A4136F6516B6477200DEC918 /* Frameworks */ = {
			isa = PBXGroup;
			children = (
				A4136F6616B6477200DEC918 /* Foundation.framework */,
			);
			name = Frameworks;
			sourceTree = "<group>";
		};
		A45EBCFE16B1CCCA00D2ADC9 = {
			isa = PBXGroup;
			children = (
				A45EBD1016B1CFF800D2ADC9 /* RestToolbox */,
				A4136F6516B6477200DEC918 /* Frameworks */,
				A45EBD0F16B1CFF800D2ADC9 /* Products */,
			);
			sourceTree = "<group>";
		};
		A45EBD0F16B1CFF800D2ADC9 /* Products */ = {
			isa = PBXGroup;
			children = (
				A45EBD0E16B1CFF800D2ADC9 /* RestToolbox.dylib */,
				A4136F6416B6477200DEC918 /* libRestToolbox-iOS.a */,
			);
			name = Products;
			sourceTree = "<group>";
		};
		A45EBD1016B1CFF800D2ADC9 /* RestToolbox */ = {
			isa = PBXGroup;
			children = (
				A495796816B1D6080032356B /* jsoncpp */,
				A45EBD2816B1D0CD00D2ADC9 /* Base_RestToolbox.xcconfig */,
				A45EBD2916B1D17000D2ADC9 /* Debug_RestToolbox.xcconfig */,
				A4136F7316B647A500DEC918 /* BasicObject.cc */,
				A495795A16B1D3100032356B /* BasicObject.h */,
				A4136F7416B647A500DEC918 /* BasicUri.cc */,
				A495798316B1F3020032356B /* BasicUri.h */,
				A4136F7516B647A500DEC918 /* TaskRunner.cc */,
				A495797516B1E05B0032356B /* TaskRunner.h */,
				A495797016B1DA090032356B /* URLRequest_mac.mm */,
				A495797116B1DA090032356B /* URLRequest.h */,
				A45EBD1D16B1D06600D2ADC9 /* SQLite3 */,
				A45EBD1116B1CFF800D2ADC9 /* Supporting Files */,
			);
			path = RestToolbox;
			sourceTree = "<group>";
		};
		A45EBD1116B1CFF800D2ADC9 /* Supporting Files */ = {
			isa = PBXGroup;
			children = (
				A45EBD2616B1D07700D2ADC9 /* RestToolbox-Prefix.pch */,
			);
			name = "Supporting Files";
			sourceTree = "<group>";
		};
		A45EBD1D16B1D06600D2ADC9 /* SQLite3 */ = {
			isa = PBXGroup;
			children = (
				A45EBD1F16B1D06600D2ADC9 /* sqlite3.c */,
				A45EBD2016B1D06600D2ADC9 /* sqlite3.h */,
				A45EBD2116B1D06600D2ADC9 /* sqlite3ext.h */,
			);
			name = SQLite3;
			path = Classes/SQLite3;
			sourceTree = SOURCE_ROOT;
		};
		A495796816B1D6080032356B /* jsoncpp */ = {
			isa = PBXGroup;
			children = (
				A495796916B1D6770032356B /* json */,
				A495796C16B1D6770032356B /* jsoncpp.cpp */,
			);
			name = jsoncpp;
			sourceTree = "<group>";
		};
		A495796916B1D6770032356B /* json */ = {
			isa = PBXGroup;
			children = (
				A495796A16B1D6770032356B /* json-forwards.h */,
				A495796B16B1D6770032356B /* json.h */,
			);
			name = json;
			path = Classes/jsoncpp/json;
			sourceTree = SOURCE_ROOT;
		};
/* End PBXGroup section */

/* Begin PBXHeadersBuildPhase section */
		A45EBD0C16B1CFF800D2ADC9 /* Headers */ = {
			isa = PBXHeadersBuildPhase;
			buildActionMask = 2147483647;
			files = (
				A495795C16B1D3100032356B /* BasicObject.h in Headers */,
				A495797316B1DA090032356B /* URLRequest.h in Headers */,
				A495797716B1E05B0032356B /* TaskRunner.h in Headers */,
				A495798516B1F3020032356B /* BasicUri.h in Headers */,
				A45EBD2416B1D06600D2ADC9 /* sqlite3.h in Headers */,
				A45EBD2516B1D06600D2ADC9 /* sqlite3ext.h in Headers */,
				A45EBD2716B1D07700D2ADC9 /* RestToolbox-Prefix.pch in Headers */,
				A495796D16B1D6770032356B /* json-forwards.h in Headers */,
				A495796E16B1D6770032356B /* json.h in Headers */,
			);
			runOnlyForDeploymentPostprocessing = 0;
		};
/* End PBXHeadersBuildPhase section */

/* Begin PBXNativeTarget section */
		A4136F6316B6477200DEC918 /* RestToolbox-iOS */ = {
			isa = PBXNativeTarget;
			buildConfigurationList = A4136F7116B6477200DEC918 /* Build configuration list for PBXNativeTarget "RestToolbox-iOS" */;
			buildPhases = (
				A4136F6016B6477200DEC918 /* Sources */,
				A4136F6116B6477200DEC918 /* Frameworks */,
				A4136F6216B6477200DEC918 /* CopyFiles */,
			);
			buildRules = (
			);
			dependencies = (
			);
			name = "RestToolbox-iOS";
			productName = "RestToolbox-iOS";
			productReference = A4136F6416B6477200DEC918 /* libRestToolbox-iOS.a */;
			productType = "com.apple.product-type.library.static";
		};
		A45EBD0D16B1CFF800D2ADC9 /* RestToolbox */ = {
			isa = PBXNativeTarget;
			buildConfigurationList = A45EBD1B16B1CFF800D2ADC9 /* Build configuration list for PBXNativeTarget "RestToolbox" */;
			buildPhases = (
				A45EBD0A16B1CFF800D2ADC9 /* Sources */,
				A45EBD0B16B1CFF800D2ADC9 /* Frameworks */,
				A45EBD0C16B1CFF800D2ADC9 /* Headers */,
			);
			buildRules = (
			);
			dependencies = (
			);
			name = RestToolbox;
			productName = RestToolbox;
			productReference = A45EBD0E16B1CFF800D2ADC9 /* RestToolbox.dylib */;
			productType = "com.apple.product-type.library.dynamic";
		};
/* End PBXNativeTarget section */

/* Begin PBXProject section */
		A45EBD0016B1CCCA00D2ADC9 /* Project object */ = {
			isa = PBXProject;
			attributes = {
				LastUpgradeCheck = 0460;
			};
			buildConfigurationList = A45EBD0316B1CCCA00D2ADC9 /* Build configuration list for PBXProject "RestToolbox" */;
			compatibilityVersion = "Xcode 3.2";
			developmentRegion = English;
			hasScannedForEncodings = 0;
			knownRegions = (
				en,
			);
			mainGroup = A45EBCFE16B1CCCA00D2ADC9;
			productRefGroup = A45EBD0F16B1CFF800D2ADC9 /* Products */;
			projectDirPath = "";
			projectRoot = "";
			targets = (
				A45EBD0D16B1CFF800D2ADC9 /* RestToolbox */,
				A4136F6316B6477200DEC918 /* RestToolbox-iOS */,
			);
		};
/* End PBXProject section */

/* Begin PBXSourcesBuildPhase section */
		A4136F6016B6477200DEC918 /* Sources */ = {
			isa = PBXSourcesBuildPhase;
			buildActionMask = 2147483647;
			files = (
				A4136F7716B647A500DEC918 /* BasicObject.cc in Sources */,
				A4136F7916B647A500DEC918 /* BasicUri.cc in Sources */,
				A4136F7B16B647A500DEC918 /* TaskRunner.cc in Sources */,
				A4136F7C16B647B200DEC918 /* URLRequest_mac.mm in Sources */,
				A4136F8B16B64A3200DEC918 /* jsoncpp.cpp in Sources */,
				A4136F8D16B64A3E00DEC918 /* sqlite3.c in Sources */,
			);
			runOnlyForDeploymentPostprocessing = 0;
		};
		A45EBD0A16B1CFF800D2ADC9 /* Sources */ = {
			isa = PBXSourcesBuildPhase;
			buildActionMask = 2147483647;
			files = (
				A45EBD2316B1D06600D2ADC9 /* sqlite3.c in Sources */,
				A495796F16B1D6770032356B /* jsoncpp.cpp in Sources */,
				A495797216B1DA090032356B /* URLRequest_mac.mm in Sources */,
				A4136F7616B647A500DEC918 /* BasicObject.cc in Sources */,
				A4136F7816B647A500DEC918 /* BasicUri.cc in Sources */,
				A4136F7A16B647A500DEC918 /* TaskRunner.cc in Sources */,
			);
			runOnlyForDeploymentPostprocessing = 0;
		};
/* End PBXSourcesBuildPhase section */

/* Begin XCBuildConfiguration section */
		A4136F6F16B6477200DEC918 /* Debug */ = {
			isa = XCBuildConfiguration;
			baseConfigurationReference = A45EBD2916B1D17000D2ADC9 /* Debug_RestToolbox.xcconfig */;
			buildSettings = {
				ALWAYS_SEARCH_USER_PATHS = NO;
				CLANG_WARN_EMPTY_BODY = YES;
				CLANG_WARN__DUPLICATE_METHOD_MATCH = YES;
				COPY_PHASE_STRIP = NO;
				DSTROOT = /tmp/RestToolbox_iOS.dst;
				GCC_DYNAMIC_NO_PIC = NO;
				GCC_OPTIMIZATION_LEVEL = 0;
				GCC_PRECOMPILE_PREFIX_HEADER = YES;
				GCC_PREFIX_HEADER = "RestToolbox-Prefix.pch";
				GCC_SYMBOLS_PRIVATE_EXTERN = NO;
				GCC_WARN_ABOUT_RETURN_TYPE = YES;
				GCC_WARN_UNINITIALIZED_AUTOS = YES;
				GCC_WARN_UNUSED_VARIABLE = YES;
				HEADER_SEARCH_PATHS = Classes/jsoncpp;
				IPHONEOS_DEPLOYMENT_TARGET = 6.0;
				ONLY_ACTIVE_ARCH = YES;
				OTHER_LDFLAGS = "-ObjC";
				PRODUCT_NAME = "$(TARGET_NAME)";
				SDKROOT = iphoneos;
				SKIP_INSTALL = YES;
			};
			name = Debug;
		};
		A4136F7016B6477200DEC918 /* Release */ = {
			isa = XCBuildConfiguration;
			buildSettings = {
				ALWAYS_SEARCH_USER_PATHS = NO;
				CLANG_WARN_EMPTY_BODY = YES;
				CLANG_WARN__DUPLICATE_METHOD_MATCH = YES;
				COPY_PHASE_STRIP = YES;
				DSTROOT = /tmp/RestToolbox_iOS.dst;
				GCC_PRECOMPILE_PREFIX_HEADER = YES;
				GCC_PREFIX_HEADER = "RestToolbox-Prefix.pch";
				GCC_WARN_ABOUT_RETURN_TYPE = YES;
				GCC_WARN_UNINITIALIZED_AUTOS = YES;
				GCC_WARN_UNUSED_VARIABLE = YES;
				HEADER_SEARCH_PATHS = Classes/jsoncpp;
				IPHONEOS_DEPLOYMENT_TARGET = 6.0;
				OTHER_LDFLAGS = "-ObjC";
				PRODUCT_NAME = "$(TARGET_NAME)";
				SDKROOT = iphoneos;
				SKIP_INSTALL = YES;
				VALIDATE_PRODUCT = YES;
			};
			name = Release;
		};
		A45EBD0516B1CCCA00D2ADC9 /* Debug */ = {
			isa = XCBuildConfiguration;
			baseConfigurationReference = A45EBD2816B1D0CD00D2ADC9 /* Base_RestToolbox.xcconfig */;
			buildSettings = {
			};
			name = Debug;
		};
		A45EBD0616B1CCCA00D2ADC9 /* Release */ = {
			isa = XCBuildConfiguration;
			baseConfigurationReference = A45EBD2816B1D0CD00D2ADC9 /* Base_RestToolbox.xcconfig */;
			buildSettings = {
			};
			name = Release;
		};
		A45EBD1916B1CFF800D2ADC9 /* Debug */ = {
			isa = XCBuildConfiguration;
			baseConfigurationReference = A45EBD2916B1D17000D2ADC9 /* Debug_RestToolbox.xcconfig */;
			buildSettings = {
				ALWAYS_SEARCH_USER_PATHS = NO;
				ARCHS = "$(ARCHS_STANDARD_64_BIT)";
				CLANG_WARN_EMPTY_BODY = YES;
				CLANG_WARN__DUPLICATE_METHOD_MATCH = YES;
				COMBINE_HIDPI_IMAGES = YES;
				COPY_PHASE_STRIP = NO;
				GCC_DYNAMIC_NO_PIC = NO;
				GCC_ENABLE_OBJC_EXCEPTIONS = YES;
				GCC_OPTIMIZATION_LEVEL = 0;
				GCC_PRECOMPILE_PREFIX_HEADER = YES;
				GCC_PREFIX_HEADER = "RestToolbox-Prefix.pch";
				GCC_SYMBOLS_PRIVATE_EXTERN = NO;
				GCC_WARN_ABOUT_RETURN_TYPE = YES;
				GCC_WARN_UNINITIALIZED_AUTOS = YES;
				GCC_WARN_UNUSED_VARIABLE = YES;
				HEADER_SEARCH_PATHS = Classes/jsoncpp;
				MACOSX_DEPLOYMENT_TARGET = 10.8;
				ONLY_ACTIVE_ARCH = YES;
				PRODUCT_NAME = "$(TARGET_NAME)";
				SDKROOT = macosx;
			};
			name = Debug;
		};
		A45EBD1A16B1CFF800D2ADC9 /* Release */ = {
			isa = XCBuildConfiguration;
			buildSettings = {
				ALWAYS_SEARCH_USER_PATHS = NO;
				ARCHS = "$(ARCHS_STANDARD_64_BIT)";
				CLANG_WARN_EMPTY_BODY = YES;
				CLANG_WARN__DUPLICATE_METHOD_MATCH = YES;
				COMBINE_HIDPI_IMAGES = YES;
				COPY_PHASE_STRIP = YES;
				DEAD_CODE_STRIPPING = YES;
				DEBUG_INFORMATION_FORMAT = "dwarf-with-dsym";
				GCC_ENABLE_OBJC_EXCEPTIONS = YES;
				GCC_PRECOMPILE_PREFIX_HEADER = YES;
				GCC_PREFIX_HEADER = "RestToolbox-Prefix.pch";
				GCC_WARN_ABOUT_RETURN_TYPE = YES;
				GCC_WARN_UNINITIALIZED_AUTOS = YES;
				GCC_WARN_UNUSED_VARIABLE = YES;
				HEADER_SEARCH_PATHS = Classes/jsoncpp;
				MACOSX_DEPLOYMENT_TARGET = 10.8;
				PRODUCT_NAME = "$(TARGET_NAME)";
				SDKROOT = macosx;
			};
			name = Release;
		};
/* End XCBuildConfiguration section */

/* Begin XCConfigurationList section */
		A4136F7116B6477200DEC918 /* Build configuration list for PBXNativeTarget "RestToolbox-iOS" */ = {
			isa = XCConfigurationList;
			buildConfigurations = (
				A4136F6F16B6477200DEC918 /* Debug */,
				A4136F7016B6477200DEC918 /* Release */,
			);
			defaultConfigurationIsVisible = 0;
			defaultConfigurationName = Release;
		};
		A45EBD0316B1CCCA00D2ADC9 /* Build configuration list for PBXProject "RestToolbox" */ = {
			isa = XCConfigurationList;
			buildConfigurations = (
				A45EBD0516B1CCCA00D2ADC9 /* Debug */,
				A45EBD0616B1CCCA00D2ADC9 /* Release */,
			);
			defaultConfigurationIsVisible = 0;
			defaultConfigurationName = Release;
		};
		A45EBD1B16B1CFF800D2ADC9 /* Build configuration list for PBXNativeTarget "RestToolbox" */ = {
			isa = XCConfigurationList;
			buildConfigurations = (
				A45EBD1916B1CFF800D2ADC9 /* Debug */,
				A45EBD1A16B1CFF800D2ADC9 /* Release */,
			);
			defaultConfigurationIsVisible = 0;
			defaultConfigurationName = Release;
		};
/* End XCConfigurationList section */
	};
	rootObject = A45EBD0016B1CCCA00D2ADC9 /* Project object */;
}
