// !$*UTF8*$!
{
	archiveVersion = 1;
	classes = {
	};
	objectVersion = 46;
	objects = {

/* Begin PBXGroup section */
		A45EBCFE16B1CCCA00D2ADC9 = {
			isa = PBXGroup;
			children = (
			);
			sourceTree = "<group>";
		};
/* End PBXGroup section */

/* Begin PBXProject section */
		A45EBD0016B1CCCA00D2ADC9 /* Project object */ = {
			isa = PBXProject;
			attributes = {
				LastUpgradeCheck = 0450;
			};
			buildConfigurationList = A45EBD0316B1CCCA00D2ADC9 /* Build configuration list for PBXProject "RestToolbox" */;
			compatibilityVersion = "Xcode 3.2";
			developmentRegion = English;
			hasScannedForEncodings = 0;
			knownRegions = (
				en,
			);
			mainGroup = A45EBCFE16B1CCCA00D2ADC9;
			projectDirPath = "";
			projectRoot = "";
			targets = (
			);
		};
/* End PBXProject section */

/* Begin XCBuildConfiguration section */
		A45EBD0516B1CCCA00D2ADC9 /* Debug */ = {
			isa = XCBuildConfiguration;
			buildSettings = {
			};
			name = Debug;
		};
		A45EBD0616B1CCCA00D2ADC9 /* Release */ = {
			isa = XCBuildConfiguration;
			buildSettings = {
			};
			name = Release;
		};
/* End XCBuildConfiguration section */

/* Begin XCConfigurationList section */
		A45EBD0316B1CCCA00D2ADC9 /* Build configuration list for PBXProject "RestToolbox" */ = {
			isa = XCConfigurationList;
			buildConfigurations = (
				A45EBD0516B1CCCA00D2ADC9 /* Debug */,
				A45EBD0616B1CCCA00D2ADC9 /* Release */,
			);
			defaultConfigurationIsVisible = 0;
			defaultConfigurationName = Release;
		};
/* End XCConfigurationList section */
	};
	rootObject = A45EBD0016B1CCCA00D2ADC9 /* Project object */;
}
